
Microsoft Visual Studio Solution File, Format Version 12.00
# Visual Studio Version 17
VisualStudioVersion = 17.2.32630.192
MinimumVisualStudioVersion = 10.0.40219.1
Project("{9A19103F-16F7-4668-BE54-9A1E7A4F7556}") = "toQuery_Function", "toQuery_Function\toQuery_Function.csproj", "{38F086A1-AF4E-4C91-A156-ABE34020AFC5}"
EndProject
Global
	GlobalSection(SolutionConfigurationPlatforms) = preSolution
		Debug|Any CPU = Debug|Any CPU
		Release|Any CPU = Release|Any CPU
	EndGlobalSection
	GlobalSection(ProjectConfigurationPlatforms) = postSolution
		{38F086A1-AF4E-4C91-A156-ABE34020AFC5}.Debug|Any CPU.ActiveCfg = Debug|Any CPU
		{38F086A1-AF4E-4C91-A156-ABE34020AFC5}.Debug|Any CPU.Build.0 = Debug|Any CPU
		{38F086A1-AF4E-4C91-A156-ABE34020AFC5}.Release|Any CPU.ActiveCfg = Release|Any CPU
		{38F086A1-AF4E-4C91-A156-ABE34020AFC5}.Release|Any CPU.Build.0 = Release|Any CPU
	EndGlobalSection
	GlobalSection(SolutionProperties) = preSolution
		HideSolutionNode = FALSE
	EndGlobalSection
	GlobalSection(ExtensibilityGlobals) = postSolution
		SolutionGuid = {A7FAAEDC-C6EB-4484-BC84-979137E54E53}
	EndGlobalSection
EndGlobal
